
Microsoft Visual Studio Solution File, Format Version 12.00
# Visual Studio Version 16
VisualStudioVersion = 16.0.30907.101
MinimumVisualStudioVersion = 10.0.40219.1
Project("{FAE04EC0-301F-11D3-BF4B-00C04F79EFBC}") = "Practica2_Herencia", "Practica2_Herencia.csproj", "{9E5DF8BC-EBF1-42C2-9DCC-359C51F2FF77}"
EndProject
Global
	GlobalSection(SolutionConfigurationPlatforms) = preSolution
		Debug|Any CPU = Debug|Any CPU
		Release|Any CPU = Release|Any CPU
	EndGlobalSection
	GlobalSection(ProjectConfigurationPlatforms) = postSolution
		{9E5DF8BC-EBF1-42C2-9DCC-359C51F2FF77}.Debug|Any CPU.ActiveCfg = Debug|Any CPU
		{9E5DF8BC-EBF1-42C2-9DCC-359C51F2FF77}.Debug|Any CPU.Build.0 = Debug|Any CPU
		{9E5DF8BC-EBF1-42C2-9DCC-359C51F2FF77}.Release|Any CPU.ActiveCfg = Release|Any CPU
		{9E5DF8BC-EBF1-42C2-9DCC-359C51F2FF77}.Release|Any CPU.Build.0 = Release|Any CPU
	EndGlobalSection
	GlobalSection(SolutionProperties) = preSolution
		HideSolutionNode = FALSE
	EndGlobalSection
	GlobalSection(ExtensibilityGlobals) = postSolution
		SolutionGuid = {FD07A540-CD69-4A12-886E-B5519CD8C261}
	EndGlobalSection
EndGlobal
